// !$*UTF8*$!
{
	archiveVersion = 1;
	classes = {
	};
	objectVersion = 48;
	objects = {

/* Begin PBXBuildFile section */
		E001F52B1FD59A220021EBDC /* HomeCollectionViewCell.swift in Sources */ = {isa = PBXBuildFile; fileRef = E001F5291FD59A220021EBDC /* HomeCollectionViewCell.swift */; };
		E001F52C1FD59A220021EBDC /* HomeCollectionViewCell.xib in Resources */ = {isa = PBXBuildFile; fileRef = E001F52A1FD59A220021EBDC /* HomeCollectionViewCell.xib */; };
		E0DFFF231FD53DC60046522A /* AppDelegate.swift in Sources */ = {isa = PBXBuildFile; fileRef = E0DFFF221FD53DC60046522A /* AppDelegate.swift */; };
		E0DFFF251FD53DC60046522A /* HomeViewController.swift in Sources */ = {isa = PBXBuildFile; fileRef = E0DFFF241FD53DC60046522A /* HomeViewController.swift */; };
		E0DFFF271FD53DC70046522A /* ExploreViewController.swift in Sources */ = {isa = PBXBuildFile; fileRef = E0DFFF261FD53DC70046522A /* ExploreViewController.swift */; };
		E0DFFF2A1FD53DC70046522A /* Main.storyboard in Resources */ = {isa = PBXBuildFile; fileRef = E0DFFF281FD53DC70046522A /* Main.storyboard */; };
		E0DFFF2C1FD53DC70046522A /* Assets.xcassets in Resources */ = {isa = PBXBuildFile; fileRef = E0DFFF2B1FD53DC70046522A /* Assets.xcassets */; };
		E0DFFF2F1FD53DC70046522A /* LaunchScreen.storyboard in Resources */ = {isa = PBXBuildFile; fileRef = E0DFFF2D1FD53DC70046522A /* LaunchScreen.storyboard */; };
		E0DFFF371FD547FF0046522A /* GalleryViewController.swift in Sources */ = {isa = PBXBuildFile; fileRef = E0DFFF361FD547FF0046522A /* GalleryViewController.swift */; };
		E0DFFF391FD548120046522A /* NotificationsViewController.swift in Sources */ = {isa = PBXBuildFile; fileRef = E0DFFF381FD548120046522A /* NotificationsViewController.swift */; };
		E0DFFF3B1FD551420046522A /* ExploreCollectionViewCell.swift in Sources */ = {isa = PBXBuildFile; fileRef = E0DFFF3A1FD551420046522A /* ExploreCollectionViewCell.swift */; };
/* End PBXBuildFile section */

/* Begin PBXFileReference section */
		E001F5291FD59A220021EBDC /* HomeCollectionViewCell.swift */ = {isa = PBXFileReference; lastKnownFileType = sourcecode.swift; path = HomeCollectionViewCell.swift; sourceTree = "<group>"; };
		E001F52A1FD59A220021EBDC /* HomeCollectionViewCell.xib */ = {isa = PBXFileReference; lastKnownFileType = file.xib; path = HomeCollectionViewCell.xib; sourceTree = "<group>"; };
		E0DFFF1F1FD53DC60046522A /* InstagramClone.app */ = {isa = PBXFileReference; explicitFileType = wrapper.application; includeInIndex = 0; path = InstagramClone.app; sourceTree = BUILT_PRODUCTS_DIR; };
		E0DFFF221FD53DC60046522A /* AppDelegate.swift */ = {isa = PBXFileReference; lastKnownFileType = sourcecode.swift; path = AppDelegate.swift; sourceTree = "<group>"; };
		E0DFFF241FD53DC60046522A /* HomeViewController.swift */ = {isa = PBXFileReference; lastKnownFileType = sourcecode.swift; path = HomeViewController.swift; sourceTree = "<group>"; };
		E0DFFF261FD53DC70046522A /* ExploreViewController.swift */ = {isa = PBXFileReference; lastKnownFileType = sourcecode.swift; path = ExploreViewController.swift; sourceTree = "<group>"; };
		E0DFFF291FD53DC70046522A /* Base */ = {isa = PBXFileReference; lastKnownFileType = file.storyboard; name = Base; path = Base.lproj/Main.storyboard; sourceTree = "<group>"; };
		E0DFFF2B1FD53DC70046522A /* Assets.xcassets */ = {isa = PBXFileReference; lastKnownFileType = folder.assetcatalog; path = Assets.xcassets; sourceTree = "<group>"; };
		E0DFFF2E1FD53DC70046522A /* Base */ = {isa = PBXFileReference; lastKnownFileType = file.storyboard; name = Base; path = Base.lproj/LaunchScreen.storyboard; sourceTree = "<group>"; };
		E0DFFF301FD53DC70046522A /* Info.plist */ = {isa = PBXFileReference; lastKnownFileType = text.plist.xml; path = Info.plist; sourceTree = "<group>"; };
		E0DFFF361FD547FF0046522A /* GalleryViewController.swift */ = {isa = PBXFileReference; lastKnownFileType = sourcecode.swift; path = GalleryViewController.swift; sourceTree = "<group>"; };
		E0DFFF381FD548120046522A /* NotificationsViewController.swift */ = {isa = PBXFileReference; lastKnownFileType = sourcecode.swift; path = NotificationsViewController.swift; sourceTree = "<group>"; };
		E0DFFF3A1FD551420046522A /* ExploreCollectionViewCell.swift */ = {isa = PBXFileReference; lastKnownFileType = sourcecode.swift; path = ExploreCollectionViewCell.swift; sourceTree = "<group>"; };
/* End PBXFileReference section */

/* Begin PBXFrameworksBuildPhase section */
		E0DFFF1C1FD53DC60046522A /* Frameworks */ = {
			isa = PBXFrameworksBuildPhase;
			buildActionMask = 2147483647;
			files = (
			);
			runOnlyForDeploymentPostprocessing = 0;
		};
/* End PBXFrameworksBuildPhase section */

/* Begin PBXGroup section */
		E001F5281FD599D80021EBDC /* HomeCollectionViewCell */ = {
			isa = PBXGroup;
			children = (
				E001F5291FD59A220021EBDC /* HomeCollectionViewCell.swift */,
				E001F52A1FD59A220021EBDC /* HomeCollectionViewCell.xib */,
			);
			path = HomeCollectionViewCell;
			sourceTree = "<group>";
		};
		E0DFFF161FD53DC60046522A = {
			isa = PBXGroup;
			children = (
				E0DFFF211FD53DC60046522A /* InstagramClone */,
				E0DFFF201FD53DC60046522A /* Products */,
			);
			sourceTree = "<group>";
		};
		E0DFFF201FD53DC60046522A /* Products */ = {
			isa = PBXGroup;
			children = (
				E0DFFF1F1FD53DC60046522A /* InstagramClone.app */,
			);
			name = Products;
			sourceTree = "<group>";
		};
		E0DFFF211FD53DC60046522A /* InstagramClone */ = {
			isa = PBXGroup;
			children = (
				E0DFFF3D1FD551960046522A /* Controller */,
				E0DFFF3C1FD551900046522A /* View */,
				E0DFFF2B1FD53DC70046522A /* Assets.xcassets */,
				E0DFFF2D1FD53DC70046522A /* LaunchScreen.storyboard */,
				E0DFFF301FD53DC70046522A /* Info.plist */,
			);
			path = InstagramClone;
			sourceTree = "<group>";
		};
		E0DFFF3C1FD551900046522A /* View */ = {
			isa = PBXGroup;
			children = (
				E001F5281FD599D80021EBDC /* HomeCollectionViewCell */,
				E0DFFF281FD53DC70046522A /* Main.storyboard */,
				E0DFFF3A1FD551420046522A /* ExploreCollectionViewCell.swift */,
			);
			path = View;
			sourceTree = "<group>";
		};
		E0DFFF3D1FD551960046522A /* Controller */ = {
			isa = PBXGroup;
			children = (
				E0DFFF221FD53DC60046522A /* AppDelegate.swift */,
				E0DFFF381FD548120046522A /* NotificationsViewController.swift */,
				E0DFFF361FD547FF0046522A /* GalleryViewController.swift */,
				E0DFFF261FD53DC70046522A /* ExploreViewController.swift */,
				E0DFFF241FD53DC60046522A /* HomeViewController.swift */,
			);
			path = Controller;
			sourceTree = "<group>";
		};
/* End PBXGroup section */

/* Begin PBXNativeTarget section */
		E0DFFF1E1FD53DC60046522A /* InstagramClone */ = {
			isa = PBXNativeTarget;
			buildConfigurationList = E0DFFF331FD53DC70046522A /* Build configuration list for PBXNativeTarget "InstagramClone" */;
			buildPhases = (
				E0DFFF1B1FD53DC60046522A /* Sources */,
				E0DFFF1C1FD53DC60046522A /* Frameworks */,
				E0DFFF1D1FD53DC60046522A /* Resources */,
			);
			buildRules = (
			);
			dependencies = (
			);
			name = InstagramClone;
			productName = InstagramClone;
			productReference = E0DFFF1F1FD53DC60046522A /* InstagramClone.app */;
			productType = "com.apple.product-type.application";
		};
/* End PBXNativeTarget section */

/* Begin PBXProject section */
		E0DFFF171FD53DC60046522A /* Project object */ = {
			isa = PBXProject;
			attributes = {
				LastSwiftUpdateCheck = 0910;
				LastUpgradeCheck = 0910;
				ORGANIZATIONNAME = "Robert Gordon";
				TargetAttributes = {
					E0DFFF1E1FD53DC60046522A = {
						CreatedOnToolsVersion = 9.1;
						ProvisioningStyle = Automatic;
					};
				};
			};
			buildConfigurationList = E0DFFF1A1FD53DC60046522A /* Build configuration list for PBXProject "InstagramClone" */;
			compatibilityVersion = "Xcode 8.0";
			developmentRegion = en;
			hasScannedForEncodings = 0;
			knownRegions = (
				en,
				Base,
			);
			mainGroup = E0DFFF161FD53DC60046522A;
			productRefGroup = E0DFFF201FD53DC60046522A /* Products */;
			projectDirPath = "";
			projectRoot = "";
			targets = (
				E0DFFF1E1FD53DC60046522A /* InstagramClone */,
			);
		};
/* End PBXProject section */

/* Begin PBXResourcesBuildPhase section */
		E0DFFF1D1FD53DC60046522A /* Resources */ = {
			isa = PBXResourcesBuildPhase;
			buildActionMask = 2147483647;
			files = (
				E0DFFF2F1FD53DC70046522A /* LaunchScreen.storyboard in Resources */,
				E0DFFF2C1FD53DC70046522A /* Assets.xcassets in Resources */,
				E0DFFF2A1FD53DC70046522A /* Main.storyboard in Resources */,
				E001F52C1FD59A220021EBDC /* HomeCollectionViewCell.xib in Resources */,
			);
			runOnlyForDeploymentPostprocessing = 0;
		};
/* End PBXResourcesBuildPhase section */

/* Begin PBXSourcesBuildPhase section */
		E0DFFF1B1FD53DC60046522A /* Sources */ = {
			isa = PBXSourcesBuildPhase;
			buildActionMask = 2147483647;
			files = (
				E001F52B1FD59A220021EBDC /* HomeCollectionViewCell.swift in Sources */,
				E0DFFF391FD548120046522A /* NotificationsViewController.swift in Sources */,
				E0DFFF271FD53DC70046522A /* ExploreViewController.swift in Sources */,
				E0DFFF371FD547FF0046522A /* GalleryViewController.swift in Sources */,
				E0DFFF231FD53DC60046522A /* AppDelegate.swift in Sources */,
				E0DFFF3B1FD551420046522A /* ExploreCollectionViewCell.swift in Sources */,
				E0DFFF251FD53DC60046522A /* HomeViewController.swift in Sources */,
			);
			runOnlyForDeploymentPostprocessing = 0;
		};
/* End PBXSourcesBuildPhase section */

/* Begin PBXVariantGroup section */
		E0DFFF281FD53DC70046522A /* Main.storyboard */ = {
			isa = PBXVariantGroup;
			children = (
				E0DFFF291FD53DC70046522A /* Base */,
			);
			name = Main.storyboard;
			sourceTree = "<group>";
		};
		E0DFFF2D1FD53DC70046522A /* LaunchScreen.storyboard */ = {
			isa = PBXVariantGroup;
			children = (
				E0DFFF2E1FD53DC70046522A /* Base */,
			);
			name = LaunchScreen.storyboard;
			sourceTree = "<group>";
		};
/* End PBXVariantGroup section */

/* Begin XCBuildConfiguration section */
		E0DFFF311FD53DC70046522A /* Debug */ = {
			isa = XCBuildConfiguration;
			buildSettings = {
				ALWAYS_SEARCH_USER_PATHS = NO;
				CLANG_ANALYZER_NONNULL = YES;
				CLANG_ANALYZER_NUMBER_OBJECT_CONVERSION = YES_AGGRESSIVE;
				CLANG_CXX_LANGUAGE_STANDARD = "gnu++14";
				CLANG_CXX_LIBRARY = "libc++";
				CLANG_ENABLE_MODULES = YES;
				CLANG_ENABLE_OBJC_ARC = YES;
				CLANG_WARN_BLOCK_CAPTURE_AUTORELEASING = YES;
				CLANG_WARN_BOOL_CONVERSION = YES;
				CLANG_WARN_COMMA = YES;
				CLANG_WARN_CONSTANT_CONVERSION = YES;
				CLANG_WARN_DIRECT_OBJC_ISA_USAGE = YES_ERROR;
				CLANG_WARN_DOCUMENTATION_COMMENTS = YES;
				CLANG_WARN_EMPTY_BODY = YES;
				CLANG_WARN_ENUM_CONVERSION = YES;
				CLANG_WARN_INFINITE_RECURSION = YES;
				CLANG_WARN_INT_CONVERSION = YES;
				CLANG_WARN_NON_LITERAL_NULL_CONVERSION = YES;
				CLANG_WARN_OBJC_LITERAL_CONVERSION = YES;
				CLANG_WARN_OBJC_ROOT_CLASS = YES_ERROR;
				CLANG_WARN_RANGE_LOOP_ANALYSIS = YES;
				CLANG_WARN_STRICT_PROTOTYPES = YES;
				CLANG_WARN_SUSPICIOUS_MOVE = YES;
				CLANG_WARN_UNGUARDED_AVAILABILITY = YES_AGGRESSIVE;
				CLANG_WARN_UNREACHABLE_CODE = YES;
				CLANG_WARN__DUPLICATE_METHOD_MATCH = YES;
				CODE_SIGN_IDENTITY = "iPhone Developer";
				COPY_PHASE_STRIP = NO;
				DEBUG_INFORMATION_FORMAT = dwarf;
				ENABLE_STRICT_OBJC_MSGSEND = YES;
				ENABLE_TESTABILITY = YES;
				GCC_C_LANGUAGE_STANDARD = gnu11;
				GCC_DYNAMIC_NO_PIC = NO;
				GCC_NO_COMMON_BLOCKS = YES;
				GCC_OPTIMIZATION_LEVEL = 0;
				GCC_PREPROCESSOR_DEFINITIONS = (
					"DEBUG=1",
					"$(inherited)",
				);
				GCC_WARN_64_TO_32_BIT_CONVERSION = YES;
				GCC_WARN_ABOUT_RETURN_TYPE = YES_ERROR;
				GCC_WARN_UNDECLARED_SELECTOR = YES;
				GCC_WARN_UNINITIALIZED_AUTOS = YES_AGGRESSIVE;
				GCC_WARN_UNUSED_FUNCTION = YES;
				GCC_WARN_UNUSED_VARIABLE = YES;
				IPHONEOS_DEPLOYMENT_TARGET = 11.1;
				MTL_ENABLE_DEBUG_INFO = YES;
				ONLY_ACTIVE_ARCH = YES;
				SDKROOT = iphoneos;
				SWIFT_ACTIVE_COMPILATION_CONDITIONS = DEBUG;
				SWIFT_OPTIMIZATION_LEVEL = "-Onone";
			};
			name = Debug;
		};
		E0DFFF321FD53DC70046522A /* Release */ = {
			isa = XCBuildConfiguration;
			buildSettings = {
				ALWAYS_SEARCH_USER_PATHS = NO;
				CLANG_ANALYZER_NONNULL = YES;
				CLANG_ANALYZER_NUMBER_OBJECT_CONVERSION = YES_AGGRESSIVE;
				CLANG_CXX_LANGUAGE_STANDARD = "gnu++14";
				CLANG_CXX_LIBRARY = "libc++";
				CLANG_ENABLE_MODULES = YES;
				CLANG_ENABLE_OBJC_ARC = YES;
				CLANG_WARN_BLOCK_CAPTURE_AUTORELEASING = YES;
				CLANG_WARN_BOOL_CONVERSION = YES;
				CLANG_WARN_COMMA = YES;
				CLANG_WARN_CONSTANT_CONVERSION = YES;
				CLANG_WARN_DIRECT_OBJC_ISA_USAGE = YES_ERROR;
				CLANG_WARN_DOCUMENTATION_COMMENTS = YES;
				CLANG_WARN_EMPTY_BODY = YES;
				CLANG_WARN_ENUM_CONVERSION = YES;
				CLANG_WARN_INFINITE_RECURSION = YES;
				CLANG_WARN_INT_CONVERSION = YES;
				CLANG_WARN_NON_LITERAL_NULL_CONVERSION = YES;
				CLANG_WARN_OBJC_LITERAL_CONVERSION = YES;
				CLANG_WARN_OBJC_ROOT_CLASS = YES_ERROR;
				CLANG_WARN_RANGE_LOOP_ANALYSIS = YES;
				CLANG_WARN_STRICT_PROTOTYPES = YES;
				CLANG_WARN_SUSPICIOUS_MOVE = YES;
				CLANG_WARN_UNGUARDED_AVAILABILITY = YES_AGGRESSIVE;
				CLANG_WARN_UNREACHABLE_CODE = YES;
				CLANG_WARN__DUPLICATE_METHOD_MATCH = YES;
				CODE_SIGN_IDENTITY = "iPhone Developer";
				COPY_PHASE_STRIP = NO;
				DEBUG_INFORMATION_FORMAT = "dwarf-with-dsym";
				ENABLE_NS_ASSERTIONS = NO;
				ENABLE_STRICT_OBJC_MSGSEND = YES;
				GCC_C_LANGUAGE_STANDARD = gnu11;
				GCC_NO_COMMON_BLOCKS = YES;
				GCC_WARN_64_TO_32_BIT_CONVERSION = YES;
				GCC_WARN_ABOUT_RETURN_TYPE = YES_ERROR;
				GCC_WARN_UNDECLARED_SELECTOR = YES;
				GCC_WARN_UNINITIALIZED_AUTOS = YES_AGGRESSIVE;
				GCC_WARN_UNUSED_FUNCTION = YES;
				GCC_WARN_UNUSED_VARIABLE = YES;
				IPHONEOS_DEPLOYMENT_TARGET = 11.1;
				MTL_ENABLE_DEBUG_INFO = NO;
				SDKROOT = iphoneos;
				SWIFT_OPTIMIZATION_LEVEL = "-Owholemodule";
				VALIDATE_PRODUCT = YES;
			};
			name = Release;
		};
		E0DFFF341FD53DC70046522A /* Debug */ = {
			isa = XCBuildConfiguration;
			buildSettings = {
				ASSETCATALOG_COMPILER_APPICON_NAME = AppIcon;
				CODE_SIGN_STYLE = Automatic;
				DEVELOPMENT_TEAM = 79H4ABEPC6;
				INFOPLIST_FILE = InstagramClone/Info.plist;
				LD_RUNPATH_SEARCH_PATHS = "$(inherited) @executable_path/Frameworks";
				PRODUCT_BUNDLE_IDENTIFIER = com.robertgordon.InstagramClone;
				PRODUCT_NAME = "$(TARGET_NAME)";
				SWIFT_VERSION = 4.0;
				TARGETED_DEVICE_FAMILY = "1,2";
			};
			name = Debug;
		};
		E0DFFF351FD53DC70046522A /* Release */ = {
			isa = XCBuildConfiguration;
			buildSettings = {
				ASSETCATALOG_COMPILER_APPICON_NAME = AppIcon;
				CODE_SIGN_STYLE = Automatic;
				DEVELOPMENT_TEAM = 79H4ABEPC6;
				INFOPLIST_FILE = InstagramClone/Info.plist;
				LD_RUNPATH_SEARCH_PATHS = "$(inherited) @executable_path/Frameworks";
				PRODUCT_BUNDLE_IDENTIFIER = com.robertgordon.InstagramClone;
				PRODUCT_NAME = "$(TARGET_NAME)";
				SWIFT_VERSION = 4.0;
				TARGETED_DEVICE_FAMILY = "1,2";
			};
			name = Release;
		};
/* End XCBuildConfiguration section */

/* Begin XCConfigurationList section */
		E0DFFF1A1FD53DC60046522A /* Build configuration list for PBXProject "InstagramClone" */ = {
			isa = XCConfigurationList;
			buildConfigurations = (
				E0DFFF311FD53DC70046522A /* Debug */,
				E0DFFF321FD53DC70046522A /* Release */,
			);
			defaultConfigurationIsVisible = 0;
			defaultConfigurationName = Release;
		};
		E0DFFF331FD53DC70046522A /* Build configuration list for PBXNativeTarget "InstagramClone" */ = {
			isa = XCConfigurationList;
			buildConfigurations = (
				E0DFFF341FD53DC70046522A /* Debug */,
				E0DFFF351FD53DC70046522A /* Release */,
			);
			defaultConfigurationIsVisible = 0;
			defaultConfigurationName = Release;
		};
/* End XCConfigurationList section */
	};
	rootObject = E0DFFF171FD53DC60046522A /* Project object */;
}
